
Microsoft Visual Studio Solution File, Format Version 12.00
# Visual Studio Version 16
VisualStudioVersion = 16.0.31624.102
MinimumVisualStudioVersion = 10.0.40219.1
Project("{FAE04EC0-301F-11D3-BF4B-00C04F79EFBC}") = "OneBanc", "OneBanc.csproj", "{771AEF20-0EF7-4DD8-99D0-E527D052134A}"
EndProject
Global
	GlobalSection(SolutionConfigurationPlatforms) = preSolution
		Debug|Any CPU = Debug|Any CPU
		Release|Any CPU = Release|Any CPU
	EndGlobalSection
	GlobalSection(ProjectConfigurationPlatforms) = postSolution
		{771AEF20-0EF7-4DD8-99D0-E527D052134A}.Debug|Any CPU.ActiveCfg = Debug|Any CPU
		{771AEF20-0EF7-4DD8-99D0-E527D052134A}.Debug|Any CPU.Build.0 = Debug|Any CPU
		{771AEF20-0EF7-4DD8-99D0-E527D052134A}.Release|Any CPU.ActiveCfg = Release|Any CPU
		{771AEF20-0EF7-4DD8-99D0-E527D052134A}.Release|Any CPU.Build.0 = Release|Any CPU
	EndGlobalSection
	GlobalSection(SolutionProperties) = preSolution
		HideSolutionNode = FALSE
	EndGlobalSection
	GlobalSection(ExtensibilityGlobals) = postSolution
		SolutionGuid = {C4C11C17-5081-4E4B-B9E4-25EC1FFB8D2F}
	EndGlobalSection
EndGlobal
